<?xml version="1.0" encoding="utf-8"?>
<Project ToolsVersion="4.0" xmlns="http://schemas.microsoft.com/developer/msbuild/2003">
  <ItemGroup>
    <Filter Include="Source Files">
      <UniqueIdentifier>{4FC737F1-C7A5-4376-A066-2A32D752A2FF}</UniqueIdentifier>
      <Extensions>cpp;c;cc;cxx;c++;cppm;ixx;def;odl;idl;hpj;bat;asm;asmx</Extensions>
    </Filter>
    <Filter Include="Header Files">
      <UniqueIdentifier>{93995380-89BD-4b04-88EB-625FBE52EBFB}</UniqueIdentifier>
      <Extensions>h;hh;hpp;hxx;h++;hm;inl;inc;ipp;xsd</Extensions>
    </Filter>
    <Filter Include="Resource Files">
      <UniqueIdentifier>{67DA6AB6-F800-4c08-8B7A-83BB121AAD01}</UniqueIdentifier>
      <Extensions>rc;ico;cur;bmp;dlg;rc2;rct;bin;rgs;gif;jpg;jpeg;jpe;resx;tiff;tif;png;wav;mfcribbon-ms</Extensions>
    </Filter>
    <Filter Include="Source Files\Application">
      <UniqueIdentifier>{b4ce7eaa-b738-461d-b84b-0b7d2ae09376}</UniqueIdentifier>
    </Filter>
    <Filter Include="Source Files\Game">
      <UniqueIdentifier>{dd11d921-8e6c-4e6c-b05d-fba850dc2434}</UniqueIdentifier>
    </Filter>
    <Filter Include="Source Files\Application\Systems">
      <UniqueIdentifier>{286b0438-5878-43f5-9037-e5c3672acebe}</UniqueIdentifier>
    </Filter>
    <Filter Include="Source Files\Application\Systems\Render">
      <UniqueIdentifier>{0bfe5580-4902-4b7c-ac78-212d34b730a9}</UniqueIdentifier>
    </Filter>
    <Filter Include="Source Files\Application\Systems\Time">
      <UniqueIdentifier>{86e07a06-ab03-4b02-ab9c-fd0eab0e4f37}</UniqueIdentifier>
    </Filter>
    <Filter Include="Source Files\Application\Systems\Input">
      <UniqueIdentifier>{df60c397-5bd6-4de5-8924-c733aff8ea6c}</UniqueIdentifier>
    </Filter>
    <Filter Include="Source Files\Game\Scenes">
      <UniqueIdentifier>{b5c21307-7e24-485a-b586-bf0417fdcd36}</UniqueIdentifier>
    </Filter>
    <Filter Include="Source Files\Game\GameObjects">
      <UniqueIdentifier>{1451d728-6872-4118-97b0-11bc2fc2cf98}</UniqueIdentifier>
    </Filter>
    <Filter Include="Source Files\Game\Render">
      <UniqueIdentifier>{44e286a6-e10d-455d-a9ea-0c6764a5b06b}</UniqueIdentifier>
    </Filter>
    <Filter Include="Source Files\Shared">
      <UniqueIdentifier>{9136c7cc-494e-49cb-a877-92869de611ee}</UniqueIdentifier>
    </Filter>
    <Filter Include="Source Files\Shared\Types">
      <UniqueIdentifier>{e1e45f1b-6291-4348-b34a-c67589756307}</UniqueIdentifier>
    </Filter>
    <Filter Include="Source Files\Shared\Types\Color">
      <UniqueIdentifier>{cbb97479-3b34-4937-82f4-d715f806f927}</UniqueIdentifier>
    </Filter>
    <Filter Include="Source Files\Shared\Types\Vector2">
      <UniqueIdentifier>{58bd2b76-32fd-491b-883a-dc2a5f0d5dc9}</UniqueIdentifier>
    </Filter>
    <Filter Include="Source Files\Game\Scenes\CustomScenes">
      <UniqueIdentifier>{7d18fc7d-87f0-41e6-86fd-4841a130ee92}</UniqueIdentifier>
    </Filter>
    <Filter Include="Source Files\Game\Render\Renderers">
      <UniqueIdentifier>{720d72fd-946b-45af-a7a2-2619292c81c9}</UniqueIdentifier>
    </Filter>
    <Filter Include="Source Files\Game\Systems">
      <UniqueIdentifier>{387e9090-f365-4b67-b508-1008a5703bfa}</UniqueIdentifier>
    </Filter>
    <Filter Include="Source Files\Game\GameObjects\Behaviours">
      <UniqueIdentifier>{7210d3a6-3a36-44b0-9f11-bef44a15b59f}</UniqueIdentifier>
    </Filter>
    <Filter Include="Source Files\Game\Render\Renderers\Image">
      <UniqueIdentifier>{5fcd3b5b-3191-4cd6-a51d-eba404ef20df}</UniqueIdentifier>
    </Filter>
    <Filter Include="Source Files\Game\Render\Renderers\Text">
      <UniqueIdentifier>{f4c951f9-84e4-4085-b955-c24ea61fea13}</UniqueIdentifier>
    </Filter>
    <Filter Include="Source Files\Game\Physics">
      <UniqueIdentifier>{7a2bf5cd-e66d-427b-b74b-cad7906e3012}</UniqueIdentifier>
    </Filter>
    <Filter Include="Source Files\Game\Physics\Colliders">
      <UniqueIdentifier>{e2561c09-40fe-4f32-a3ca-9b9e0e4eb774}</UniqueIdentifier>
    </Filter>
    <Filter Include="Source Files\Application\Systems\Random">
      <UniqueIdentifier>{f97c9579-953b-4637-8bc5-0d5f5af9d6b0}</UniqueIdentifier>
    </Filter>
    <Filter Include="Source Files\Game\GameObjects\Behaviours\Billiards">
      <UniqueIdentifier>{8a308ee7-0545-4b6c-aa6a-0d1a4e02ae54}</UniqueIdentifier>
    </Filter>
    <Filter Include="Source Files\Shared\Math">
      <UniqueIdentifier>{cb848c4a-029e-4b23-b357-4a2911256ed9}</UniqueIdentifier>
    </Filter>
    <Filter Include="Source Files\Shared\Types\Rect">
      <UniqueIdentifier>{9c7a78fa-37d5-485d-85c6-3b896a432528}</UniqueIdentifier>
    </Filter>
    <Filter Include="Source Files\Shared\Types\Circle">
      <UniqueIdentifier>{8b6901ef-4241-4746-8004-10abc8fdef4a}</UniqueIdentifier>
    </Filter>
    <Filter Include="Source Files\Shared\Types\Line">
      <UniqueIdentifier>{ec12ce1a-5ad7-4852-a933-cfacd573b529}</UniqueIdentifier>
    </Filter>
    <Filter Include="Source Files\Game\Physics\Rigidbodies">
      <UniqueIdentifier>{f8829660-828b-490c-89ae-46f120c7e733}</UniqueIdentifier>
    </Filter>
    <Filter Include="Source Files\Game\Physics\Collision">
      <UniqueIdentifier>{39bfc6a9-4c08-40aa-9526-8e82e61903a2}</UniqueIdentifier>
    </Filter>
    <Filter Include="Source Files\Game\Physics\Solvers">
      <UniqueIdentifier>{1d993e6c-b838-4110-8796-cbcd01db9982}</UniqueIdentifier>
    </Filter>
    <Filter Include="Source Files\Game\Physics\Helpers">
      <UniqueIdentifier>{e2a870e8-8873-4a56-b609-4816c5dc1d2d}</UniqueIdentifier>
    </Filter>
    <Filter Include="Source Files\Game\GameObjects\Behaviours\Billiards\States">
      <UniqueIdentifier>{74bbeccb-b84d-45a5-bccc-66884d2d1382}</UniqueIdentifier>
    </Filter>
    <Filter Include="Source Files\Game\GameObjects\Behaviours\Billiards\States\Thinking">
      <UniqueIdentifier>{54c60a8c-66b3-4eb0-afe3-79c9bcaac8f1}</UniqueIdentifier>
    </Filter>
    <Filter Include="Source Files\Game\GameObjects\Behaviours\Billiards\Player">
      <UniqueIdentifier>{9861b7e6-6c3e-470b-ba1c-67df80e94771}</UniqueIdentifier>
    </Filter>
    <Filter Include="Source Files\Game\GameObjects\Behaviours\Billiards\States\Init">
      <UniqueIdentifier>{2f77a054-aed7-4048-965d-ebe9472950af}</UniqueIdentifier>
    </Filter>
    <Filter Include="Source Files\Game\GameObjects\Behaviours\Billiards\States\PlacingBalls">
      <UniqueIdentifier>{80b3c5fa-85b8-4a9c-b574-8db672f37dc9}</UniqueIdentifier>
    </Filter>
    <Filter Include="Source Files\Game\GameObjects\Behaviours\Billiards\States\ResolvingBoard">
      <UniqueIdentifier>{3ba5e656-c69f-499a-abe2-25daf2da2373}</UniqueIdentifier>
    </Filter>
    <Filter Include="Source Files\Game\GameObjects\Behaviours\Billiards\States\GameFinish">
      <UniqueIdentifier>{a1f044d8-530a-4b13-b8fa-0fe0f5ec451d}</UniqueIdentifier>
    </Filter>
    <Filter Include="Source Files\Shared\Timer">
      <UniqueIdentifier>{e4b6250f-c389-4be1-9e20-f39c9736804c}</UniqueIdentifier>
    </Filter>
    <Filter Include="Source Files\Game\GameObjects\Behaviours\Billiards\Holes">
      <UniqueIdentifier>{f7f1e9c3-93bd-4641-9bc7-891b34991cc1}</UniqueIdentifier>
    </Filter>
    <Filter Include="Source Files\Game\GameObjects\Behaviours\Testers">
      <UniqueIdentifier>{8a7b00eb-b7c2-4107-917f-0fcd65f6d6bc}</UniqueIdentifier>
    </Filter>
    <Filter Include="Source Files\Game\GameObjects\Prefabs">
      <UniqueIdentifier>{92c3dbf3-87bb-45cf-91e4-daec1a56c528}</UniqueIdentifier>
    </Filter>
    <Filter Include="Source Files\Game\Scenes\Utilities">
      <UniqueIdentifier>{3111597d-1695-4991-8ef8-ce851862c7ac}</UniqueIdentifier>
    </Filter>
    <Filter Include="Source Files\Game\GameObjects\Behaviours\MainMenu">
      <UniqueIdentifier>{b3af8cf7-acb5-4228-834f-797d57e1569d}</UniqueIdentifier>
    </Filter>
    <Filter Include="Source Files\Game\UI">
      <UniqueIdentifier>{8a6ac001-567f-420a-8e4d-eb1aef86fc7d}</UniqueIdentifier>
    </Filter>
    <Filter Include="Source Files\Game\UI\Selectables">
      <UniqueIdentifier>{5ba03d8f-3425-4af8-9270-32678a0a5b95}</UniqueIdentifier>
    </Filter>
    <Filter Include="Source Files\Game\UI\Selectables\Button">
      <UniqueIdentifier>{23ab360c-b949-4f6b-9df9-953224f0f255}</UniqueIdentifier>
    </Filter>
    <Filter Include="Source Files\Game\GameObjects\Behaviours\RendererExtras">
      <UniqueIdentifier>{1af4cf4f-d8ff-4b27-9ada-8982409dafdc}</UniqueIdentifier>
    </Filter>
    <Filter Include="Source Files\Game\GameObjects\Behaviours\Billiards\ScoreDisplay">
      <UniqueIdentifier>{1d7c34d7-1613-4728-9de7-b2efab78dd9b}</UniqueIdentifier>
    </Filter>
    <Filter Include="Source Files\Application\Systems\Files">
      <UniqueIdentifier>{40fdef07-2d3c-426b-ab00-3c5148a1c6d0}</UniqueIdentifier>
    </Filter>
    <Filter Include="Source Files\Application\Systems\Files\Binary">
      <UniqueIdentifier>{ea235a93-b338-4a30-88f6-9811079b9c0d}</UniqueIdentifier>
    </Filter>
    <Filter Include="Source Files\Game\GameObjects\Behaviours\Ranking">
      <UniqueIdentifier>{6a0ef233-86ee-4341-ab56-5e78357462a7}</UniqueIdentifier>
    </Filter>
    <Filter Include="Source Files\Application\Systems\Audio">
      <UniqueIdentifier>{686a8023-9cb0-4f06-8414-88eea57e6638}</UniqueIdentifier>
    </Filter>
    <Filter Include="Source Files\Game\Audio">
      <UniqueIdentifier>{7a67d163-8d88-4b56-979b-391d2f48ea8f}</UniqueIdentifier>
    </Filter>
    <Filter Include="Source Files\Game\GameObjects\Behaviours\Billiards\BallFeedback">
      <UniqueIdentifier>{38cb4d59-fe17-439f-8633-2c5dd193e5d0}</UniqueIdentifier>
    </Filter>
    <Filter Include="Source Files\Game\GameObjects\Behaviours\CustomUI">
      <UniqueIdentifier>{24dbb1ad-da40-401d-b2cf-bf5c9384c9e4}</UniqueIdentifier>
    </Filter>
    <Filter Include="Source Files\Game\GameObjects\Behaviours\GameOptions">
      <UniqueIdentifier>{c6d2fc19-1700-405a-ba39-70f90a344c0c}</UniqueIdentifier>
    </Filter>
  </ItemGroup>
  <ItemGroup>
    <ClCompile Include="main.cpp">
      <Filter>Source Files</Filter>
    </ClCompile>
    <ClCompile Include="Application\BilliardsApplication.cpp">
      <Filter>Source Files\Application</Filter>
    </ClCompile>
    <ClCompile Include="Application\Systems\Render\RenderSystem.cpp">
      <Filter>Source Files\Application\Systems\Render</Filter>
    </ClCompile>
    <ClCompile Include="Application\Systems\Time\TimeSystem.cpp">
      <Filter>Source Files\Application\Systems\Time</Filter>
    </ClCompile>
    <ClCompile Include="Application\Systems\Input\InputSystem.cpp">
      <Filter>Source Files\Application\Systems\Input</Filter>
    </ClCompile>
    <ClCompile Include="Application\Systems\Input\KeyState.cpp">
      <Filter>Source Files\Application\Systems\Input</Filter>
    </ClCompile>
    <ClCompile Include="Game\BilliardsGameEngine.cpp">
      <Filter>Source Files\Game</Filter>
    </ClCompile>
    <ClCompile Include="Application\Systems\Input\WindowInputs.cpp">
      <Filter>Source Files\Application\Systems\Input</Filter>
    </ClCompile>
    <ClCompile Include="Game\Render\GameRenderManager.cpp">
      <Filter>Source Files\Game\Render</Filter>
    </ClCompile>
    <ClCompile Include="Game\Scenes\SceneManager.cpp">
      <Filter>Source Files\Game\Scenes</Filter>
    </ClCompile>
    <ClCompile Include="Game\Scenes\Scene.cpp">
      <Filter>Source Files\Game\Scenes</Filter>
    </ClCompile>
    <ClCompile Include="Game\Scenes\CustomScenes\EmptyScene.cpp">
      <Filter>Source Files\Game\Scenes\CustomScenes</Filter>
    </ClCompile>
    <ClCompile Include="Game\GameObjects\Transform.cpp">
      <Filter>Source Files\Game\GameObjects</Filter>
    </ClCompile>
    <ClCompile Include="Game\Render\Renderers\Renderer.cpp">
      <Filter>Source Files\Game\Render\Renderers</Filter>
    </ClCompile>
    <ClCompile Include="Game\GameObjects\GameObject.cpp">
      <Filter>Source Files\Game\GameObjects</Filter>
    </ClCompile>
    <ClCompile Include="Game\Systems\GameTime.cpp">
      <Filter>Source Files\Game\Systems</Filter>
    </ClCompile>
    <ClCompile Include="Game\Systems\GameInput.cpp">
      <Filter>Source Files\Game\Systems</Filter>
    </ClCompile>
    <ClCompile Include="Game\Systems\GameAssetResources.cpp">
      <Filter>Source Files\Game\Systems</Filter>
    </ClCompile>
    <ClCompile Include="Game\GameObjects\Behaviours\TestBehaviour.cpp">
      <Filter>Source Files\Game\GameObjects\Behaviours</Filter>
    </ClCompile>
    <ClCompile Include="Game\Render\Renderers\Image\Image.cpp">
      <Filter>Source Files\Game\Render\Renderers\Image</Filter>
    </ClCompile>
    <ClCompile Include="Game\Render\Renderers\Image\ImageResourceData.cpp">
      <Filter>Source Files\Game\Render\Renderers\Image</Filter>
    </ClCompile>
    <ClCompile Include="Game\Render\Renderers\Text\Text.cpp">
      <Filter>Source Files\Game\Render\Renderers\Text</Filter>
    </ClCompile>
    <ClCompile Include="Game\Render\Renderers\Text\TextResourceData.cpp">
      <Filter>Source Files\Game\Render\Renderers\Text</Filter>
    </ClCompile>
    <ClCompile Include="Shared\Types\Color\Color.cpp">
      <Filter>Source Files\Shared\Types\Color</Filter>
    </ClCompile>
    <ClCompile Include="Game\Systems\GameSpacesComputer.cpp">
      <Filter>Source Files\Game\Systems</Filter>
    </ClCompile>
    <ClCompile Include="Game\Scenes\CustomScenes\BilliardsGameScene.cpp">
      <Filter>Source Files\Game\Scenes\CustomScenes</Filter>
    </ClCompile>
    <ClCompile Include="Application\Systems\Random\RNGSystem.cpp">
      <Filter>Source Files\Application\Systems\Random</Filter>
    </ClCompile>
    <ClCompile Include="Game\Systems\GameRandom.cpp">
      <Filter>Source Files\Game\Systems</Filter>
    </ClCompile>
    <ClCompile Include="Game\GameObjects\Behaviours\Billiards\BilliardBall.cpp">
      <Filter>Source Files\Game\GameObjects\Behaviours\Billiards</Filter>
    </ClCompile>
    <ClCompile Include="Game\Physics\Physics2DManager.cpp">
      <Filter>Source Files\Game\Physics</Filter>
    </ClCompile>
    <ClCompile Include="Game\Physics\Rigidbodies\Rigidbody2D.cpp">
      <Filter>Source Files\Game\Physics\Rigidbodies</Filter>
    </ClCompile>
    <ClCompile Include="Game\Physics\Rigidbodies\PhysicMaterial.cpp">
      <Filter>Source Files\Game\Physics\Rigidbodies</Filter>
    </ClCompile>
    <ClCompile Include="Game\Physics\Collision\Collision2D.cpp">
      <Filter>Source Files\Game\Physics\Collision</Filter>
    </ClCompile>
    <ClCompile Include="Game\Physics\Colliders\Collider2D.cpp">
      <Filter>Source Files\Game\Physics\Colliders</Filter>
    </ClCompile>
    <ClCompile Include="Game\Physics\Colliders\CircleCollider2D.cpp">
      <Filter>Source Files\Game\Physics\Colliders</Filter>
    </ClCompile>
    <ClCompile Include="Shared\Math\Math.cpp">
      <Filter>Source Files\Shared\Math</Filter>
    </ClCompile>
    <ClCompile Include="Game\Physics\Colliders\AABoxCollider2D.cpp">
      <Filter>Source Files\Game\Physics\Colliders</Filter>
    </ClCompile>
    <ClCompile Include="Game\Physics\Solvers\EulerSolver.cpp">
      <Filter>Source Files\Game\Physics\Solvers</Filter>
    </ClCompile>
    <ClCompile Include="Game\Physics\CircleCollider2DGroup.cpp">
      <Filter>Source Files\Game\Physics</Filter>
    </ClCompile>
    <ClCompile Include="Game\Physics\AABoxCollider2DGroup.cpp">
      <Filter>Source Files\Game\Physics</Filter>
    </ClCompile>
    <ClCompile Include="Game\Physics\Helpers\CollisionHelper.cpp">
      <Filter>Source Files\Game\Physics\Helpers</Filter>
    </ClCompile>
    <ClCompile Include="Game\GameObjects\Behaviours\Billiards\BilliardStick.cpp">
      <Filter>Source Files\Game\GameObjects\Behaviours\Billiards</Filter>
    </ClCompile>
    <ClCompile Include="Game\GameObjects\Behaviours\Billiards\BilliardsGameplayManager.cpp">
      <Filter>Source Files\Game\GameObjects\Behaviours\Billiards</Filter>
    </ClCompile>
    <ClCompile Include="Game\GameObjects\Behaviours\Billiards\States\Thinking\PlayerThinkingState.cpp">
      <Filter>Source Files\Game\GameObjects\Behaviours\Billiards\States\Thinking</Filter>
    </ClCompile>
    <ClCompile Include="Game\GameObjects\Behaviours\Billiards\States\Thinking\PlayerThinkingState_MovingAround.cpp">
      <Filter>Source Files\Game\GameObjects\Behaviours\Billiards\States\Thinking</Filter>
    </ClCompile>
    <ClCompile Include="Game\GameObjects\Behaviours\Billiards\States\Thinking\PlayerThinkingState_PinnedToHit.cpp">
      <Filter>Source Files\Game\GameObjects\Behaviours\Billiards\States\Thinking</Filter>
    </ClCompile>
    <ClCompile Include="Game\GameObjects\Behaviours\Billiards\States\Thinking\PlayerThinkingState_Hitting.cpp">
      <Filter>Source Files\Game\GameObjects\Behaviours\Billiards\States\Thinking</Filter>
    </ClCompile>
    <ClCompile Include="Game\GameObjects\Behaviours\Billiards\States\Thinking\BilliardsGameplayState_PlayerThinking.cpp">
      <Filter>Source Files\Game\GameObjects\Behaviours\Billiards\States\Thinking</Filter>
    </ClCompile>
    <ClCompile Include="Game\GameObjects\Behaviours\Billiards\Player\BilliardsScore.cpp">
      <Filter>Source Files\Game\GameObjects\Behaviours\Billiards\Player</Filter>
    </ClCompile>
    <ClCompile Include="Game\GameObjects\Behaviours\Billiards\Player\BilliardsPlayer.cpp">
      <Filter>Source Files\Game\GameObjects\Behaviours\Billiards\Player</Filter>
    </ClCompile>
    <ClCompile Include="Game\Systems\GameTweener.cpp">
      <Filter>Source Files\Game\Systems</Filter>
    </ClCompile>
    <ClCompile Include="Game\GameObjects\Behaviours\Billiards\States\BilliardsGameplayState.cpp">
      <Filter>Source Files\Game\GameObjects\Behaviours\Billiards\States</Filter>
    </ClCompile>
    <ClCompile Include="Game\GameObjects\Behaviours\Billiards\States\BilliardsGameplayStateBlackboard.cpp">
      <Filter>Source Files\Game\GameObjects\Behaviours\Billiards\States</Filter>
    </ClCompile>
    <ClCompile Include="Game\GameObjects\Behaviours\Billiards\States\Init\BilliardsGameplayState_Init.cpp">
      <Filter>Source Files\Game\GameObjects\Behaviours\Billiards\States\Init</Filter>
    </ClCompile>
    <ClCompile Include="Game\GameObjects\Behaviours\Billiards\States\PlacingBalls\BilliardsGameplayState_PlacingBalls.cpp">
      <Filter>Source Files\Game\GameObjects\Behaviours\Billiards\States\PlacingBalls</Filter>
    </ClCompile>
    <ClCompile Include="Game\GameObjects\Behaviours\Billiards\States\ResolvingBoard\BilliardsGameplayState_ResolvingBoard.cpp">
      <Filter>Source Files\Game\GameObjects\Behaviours\Billiards\States\ResolvingBoard</Filter>
    </ClCompile>
    <ClCompile Include="Game\GameObjects\Behaviours\Billiards\States\GameFinish\BilliardsGameplayState_GameFinish.cpp">
      <Filter>Source Files\Game\GameObjects\Behaviours\Billiards\States\GameFinish</Filter>
    </ClCompile>
    <ClCompile Include="Shared\Timer\Timer.cpp">
      <Filter>Source Files\Shared\Timer</Filter>
    </ClCompile>
    <ClCompile Include="Game\GameObjects\Behaviours\Billiards\States\Thinking\PlayerThinkingState_Starting.cpp">
      <Filter>Source Files\Game\GameObjects\Behaviours\Billiards\States\Thinking</Filter>
    </ClCompile>
    <ClCompile Include="Game\GameObjects\Behaviours\Billiards\Holes\BilliardsBoardHole.cpp">
      <Filter>Source Files\Game\GameObjects\Behaviours\Billiards\Holes</Filter>
    </ClCompile>
    <ClCompile Include="Game\GameObjects\Behaviours\Billiards\States\ResolvingBoard\ResolvingBoardState_WaitingBallsStop.cpp">
      <Filter>Source Files\Game\GameObjects\Behaviours\Billiards\States\ResolvingBoard</Filter>
    </ClCompile>
    <ClCompile Include="Game\GameObjects\Behaviours\Billiards\States\ResolvingBoard\ResolvingBoardState.cpp">
      <Filter>Source Files\Game\GameObjects\Behaviours\Billiards\States\ResolvingBoard</Filter>
    </ClCompile>
    <ClCompile Include="Game\GameObjects\Behaviours\Billiards\States\ResolvingBoard\ResolvingBoardState_ReturningMissplacedBalls.cpp">
      <Filter>Source Files\Game\GameObjects\Behaviours\Billiards\States\ResolvingBoard</Filter>
    </ClCompile>
    <ClCompile Include="Game\GameObjects\Behaviours\Testers\AABoxColliderDrawer.cpp">
      <Filter>Source Files\Game\GameObjects\Behaviours\Testers</Filter>
    </ClCompile>
    <ClCompile Include="Game\GameObjects\Behaviours\Testers\CircleColliderDrawer.cpp">
      <Filter>Source Files\Game\GameObjects\Behaviours\Testers</Filter>
    </ClCompile>
    <ClCompile Include="Game\Scenes\CustomScenes\MainMenuScene.cpp">
      <Filter>Source Files\Game\Scenes\CustomScenes</Filter>
    </ClCompile>
    <ClCompile Include="Game\Scenes\Utilities\SceneCreateUtilities.cpp">
      <Filter>Source Files\Game\Scenes\Utilities</Filter>
    </ClCompile>
    <ClCompile Include="Game\GameObjects\Prefabs\CustomPrefabUtilities.cpp">
      <Filter>Source Files\Game\GameObjects\Prefabs</Filter>
    </ClCompile>
    <ClCompile Include="Game\GameObjects\Behaviours\MainMenu\MainMenuManager.cpp">
      <Filter>Source Files\Game\GameObjects\Behaviours\MainMenu</Filter>
    </ClCompile>
    <ClCompile Include="Game\UI\UICaster.cpp">
      <Filter>Source Files\Game\UI</Filter>
    </ClCompile>
    <ClCompile Include="Game\UI\Selectables\UISelectable.cpp">
      <Filter>Source Files\Game\UI\Selectables</Filter>
    </ClCompile>
    <ClCompile Include="Game\UI\Selectables\Button\UIButton.cpp">
      <Filter>Source Files\Game\UI\Selectables\Button</Filter>
    </ClCompile>
    <ClCompile Include="Game\Systems\GameAppInteractions.cpp">
      <Filter>Source Files\Game\Systems</Filter>
    </ClCompile>
    <ClCompile Include="Game\GameObjects\Behaviours\RendererExtras\FadingRenderer.cpp">
      <Filter>Source Files\Game\GameObjects\Behaviours\RendererExtras</Filter>
    </ClCompile>
    <ClCompile Include="Game\GameObjects\Behaviours\Billiards\BilliardsGameplayFeedbackDisplay.cpp">
      <Filter>Source Files\Game\GameObjects\Behaviours\Billiards</Filter>
    </ClCompile>
    <ClCompile Include="Game\GameObjects\Behaviours\Billiards\ScoreDisplay\ConsolePlayerScoresDisplay.cpp">
      <Filter>Source Files\Game\GameObjects\Behaviours\Billiards\ScoreDisplay</Filter>
    </ClCompile>
    <ClCompile Include="Application\Systems\Files\Binary\BinaryFile.cpp">
      <Filter>Source Files\Application\Systems\Files\Binary</Filter>
    </ClCompile>
    <ClCompile Include="Application\Systems\Files\Binary\BinaryUtilities.cpp">
      <Filter>Source Files\Application\Systems\Files\Binary</Filter>
    </ClCompile>
    <ClCompile Include="Game\Systems\GameFileResources.cpp">
      <Filter>Source Files\Game\Systems</Filter>
    </ClCompile>
    <ClCompile Include="Application\Systems\Files\FilePathData.cpp">
      <Filter>Source Files\Application\Systems\Files</Filter>
    </ClCompile>
    <ClCompile Include="Game\Scenes\CustomScenes\RankingScene.cpp">
      <Filter>Source Files\Game\Scenes\CustomScenes</Filter>
    </ClCompile>
    <ClCompile Include="Game\GameObjects\Behaviours\Ranking\RankingEntry.cpp">
      <Filter>Source Files\Game\GameObjects\Behaviours\Ranking</Filter>
    </ClCompile>
    <ClCompile Include="Game\GameObjects\Behaviours\Ranking\RankingFileData.cpp">
      <Filter>Source Files\Game\GameObjects\Behaviours\Ranking</Filter>
    </ClCompile>
    <ClCompile Include="Game\GameObjects\Behaviours\Ranking\RankingManager.cpp">
      <Filter>Source Files\Game\GameObjects\Behaviours\Ranking</Filter>
    </ClCompile>
    <ClCompile Include="Game\GameObjects\Behaviours\Ranking\RankingEntryDisplay.cpp">
      <Filter>Source Files\Game\GameObjects\Behaviours\Ranking</Filter>
    </ClCompile>
    <ClCompile Include="Application\Systems\Audio\AudioSystem.cpp">
      <Filter>Source Files\Application\Systems\Audio</Filter>
    </ClCompile>
    <ClCompile Include="Application\Systems\Audio\Sound.cpp">
      <Filter>Source Files\Application\Systems\Audio</Filter>
    </ClCompile>
    <ClCompile Include="Application\Systems\Audio\SingleSound.cpp">
      <Filter>Source Files\Application\Systems\Audio</Filter>
    </ClCompile>
    <ClCompile Include="Game\Audio\GameAudioManager.cpp">
      <Filter>Source Files\Game\Audio</Filter>
    </ClCompile>
    <ClCompile Include="Game\Audio\SFXSound.cpp">
      <Filter>Source Files\Game\Audio</Filter>
    </ClCompile>
    <ClCompile Include="Game\Audio\MusicSound.cpp">
      <Filter>Source Files\Game\Audio</Filter>
    </ClCompile>
    <ClCompile Include="Game\Audio\SoundResourceData.cpp">
      <Filter>Source Files\Game\Audio</Filter>
    </ClCompile>
    <ClCompile Include="Game\Audio\SFXSoundBuffer.cpp">
      <Filter>Source Files\Game\Audio</Filter>
    </ClCompile>
    <ClCompile Include="Game\GameObjects\Behaviours\Billiards\BallFeedback\BallCollision.cpp">
      <Filter>Source Files\Game\GameObjects\Behaviours\Billiards\BallFeedback</Filter>
    </ClCompile>
    <ClCompile Include="Game\GameObjects\Behaviours\Billiards\BallFeedback\BallCollisionDetector.cpp">
      <Filter>Source Files\Game\GameObjects\Behaviours\Billiards\BallFeedback</Filter>
    </ClCompile>
    <ClCompile Include="Game\GameObjects\Behaviours\Billiards\BallFeedback\BallCollisionFeedbackManager.cpp">
      <Filter>Source Files\Game\GameObjects\Behaviours\Billiards\BallFeedback</Filter>
    </ClCompile>
    <ClCompile Include="Game\Systems\GameAssetResourceTypes.cpp">
      <Filter>Source Files\Game\Systems</Filter>
    </ClCompile>
    <ClCompile Include="Game\Systems\GameDelayedCallScheduler.cpp">
      <Filter>Source Files\Game\Systems</Filter>
    </ClCompile>
    <ClCompile Include="Game\GameObjects\Behaviours\Billiards\States\GameFinish\GameFinishState.cpp">
      <Filter>Source Files\Game\GameObjects\Behaviours\Billiards\States\GameFinish</Filter>
    </ClCompile>
    <ClCompile Include="Game\GameObjects\Behaviours\Billiards\States\GameFinish\GameFinishState_VictoryAnimation.cpp">
      <Filter>Source Files\Game\GameObjects\Behaviours\Billiards\States\GameFinish</Filter>
    </ClCompile>
    <ClCompile Include="Game\GameObjects\Behaviours\Billiards\States\GameFinish\GameFinishState_AskingWinnerName.cpp">
      <Filter>Source Files\Game\GameObjects\Behaviours\Billiards\States\GameFinish</Filter>
    </ClCompile>
    <ClCompile Include="Game\Physics\Helpers\GamePhysicsUtilities.cpp">
      <Filter>Source Files\Game\Physics\Helpers</Filter>
    </ClCompile>
    <ClCompile Include="Game\GameObjects\Behaviours\CustomUI\MenuButton.cpp">
      <Filter>Source Files\Game\GameObjects\Behaviours\CustomUI</Filter>
    </ClCompile>
    <ClCompile Include="Game\GameObjects\GameObjectGroup.cpp">
      <Filter>Source Files\Game\GameObjects</Filter>
    </ClCompile>
    <ClCompile Include="Game\GameObjects\Behaviours\CustomUI\MenuIncDecButton.cpp">
      <Filter>Source Files\Game\GameObjects\Behaviours\CustomUI</Filter>
    </ClCompile>
    <ClCompile Include="Game\GameObjects\Behaviours\GameOptions\GameAudioFileData.cpp">
      <Filter>Source Files\Game\GameObjects\Behaviours\GameOptions</Filter>
    </ClCompile>
    <ClCompile Include="Game\GameObjects\Behaviours\GameOptions\GameOptionsManager.cpp">
      <Filter>Source Files\Game\GameObjects\Behaviours\GameOptions</Filter>
    </ClCompile>
    <ClCompile Include="Game\GameObjects\Behaviours\GameOptions\OptionsMenu.cpp">
      <Filter>Source Files\Game\GameObjects\Behaviours\GameOptions</Filter>
    </ClCompile>
    <ClCompile Include="Game\GameObjects\Behaviours\MainMenu\MainMenuBilliardsBoardManager.cpp">
      <Filter>Source Files\Game\GameObjects\Behaviours\MainMenu</Filter>
    </ClCompile>
  </ItemGroup>
  <ItemGroup>
    <ClInclude Include="Application\BilliardsApplication.h">
      <Filter>Source Files\Application</Filter>
    </ClInclude>
    <ClInclude Include="Application\Systems\Render\RenderSystem.h">
      <Filter>Source Files\Application\Systems\Render</Filter>
    </ClInclude>
    <ClInclude Include="Application\ApplicationSpecifications.h">
      <Filter>Source Files\Application</Filter>
    </ClInclude>
    <ClInclude Include="Application\Systems\Time\TimeSystem.h">
      <Filter>Source Files\Application\Systems\Time</Filter>
    </ClInclude>
    <ClInclude Include="Application\Systems\Time\ITimeState.h">
      <Filter>Source Files\Application\Systems\Time</Filter>
    </ClInclude>
    <ClInclude Include="Application\Systems\Input\InputSystem.h">
      <Filter>Source Files\Application\Systems\Input</Filter>
    </ClInclude>
    <ClInclude Include="Application\Systems\Input\KeyCode.h">
      <Filter>Source Files\Application\Systems\Input</Filter>
    </ClInclude>
    <ClInclude Include="Application\Systems\Input\KeyState.h">
      <Filter>Source Files\Application\Systems\Input</Filter>
    </ClInclude>
    <ClInclude Include="Application\Systems\Input\IInputState.h">
      <Filter>Source Files\Application\Systems\Input</Filter>
    </ClInclude>
    <ClInclude Include="Game\BilliardsGameEngine.h">
      <Filter>Source Files\Game</Filter>
    </ClInclude>
    <ClInclude Include="Application\Systems\Input\WindowInputs.h">
      <Filter>Source Files\Application\Systems\Input</Filter>
    </ClInclude>
    <ClInclude Include="Game\Scenes\SceneManager.h">
      <Filter>Source Files\Game\Scenes</Filter>
    </ClInclude>
    <ClInclude Include="Game\Scenes\SceneName.h">
      <Filter>Source Files\Game\Scenes</Filter>
    </ClInclude>
    <ClInclude Include="Game\Scenes\Scene.h">
      <Filter>Source Files\Game\Scenes</Filter>
    </ClInclude>
    <ClInclude Include="Game\GameObjects\GameObject.h">
      <Filter>Source Files\Game\GameObjects</Filter>
    </ClInclude>
    <ClInclude Include="Game\Render\GameRenderManager.h">
      <Filter>Source Files\Game\Render</Filter>
    </ClInclude>
    <ClInclude Include="Shared\Types\Color\Color.h">
      <Filter>Source Files\Shared\Types\Color</Filter>
    </ClInclude>
    <ClInclude Include="Shared\Types\Vector2\Vector2.h">
      <Filter>Source Files\Shared\Types\Vector2</Filter>
    </ClInclude>
    <ClInclude Include="Game\Scenes\CustomScenes\EmptyScene.h">
      <Filter>Source Files\Game\Scenes\CustomScenes</Filter>
    </ClInclude>
    <ClInclude Include="Game\GameObjects\Transform.h">
      <Filter>Source Files\Game\GameObjects</Filter>
    </ClInclude>
    <ClInclude Include="Game\Render\Renderers\Renderer.h">
      <Filter>Source Files\Game\Render\Renderers</Filter>
    </ClInclude>
    <ClInclude Include="Game\Systems\GameTime.h">
      <Filter>Source Files\Game\Systems</Filter>
    </ClInclude>
    <ClInclude Include="Game\Systems\GameInput.h">
      <Filter>Source Files\Game\Systems</Filter>
    </ClInclude>
    <ClInclude Include="Game\Systems\GameAssetResources.h">
      <Filter>Source Files\Game\Systems</Filter>
    </ClInclude>
    <ClInclude Include="Game\GameSpecifications.h">
      <Filter>Source Files\Game</Filter>
    </ClInclude>
    <ClInclude Include="Game\GameObjects\Behaviours\Behaviour.h">
      <Filter>Source Files\Game\GameObjects\Behaviours</Filter>
    </ClInclude>
    <ClInclude Include="Game\GameObjects\Behaviours\TestBehaviour.h">
      <Filter>Source Files\Game\GameObjects\Behaviours</Filter>
    </ClInclude>
    <ClInclude Include="Game\Render\Renderers\Image\Image.h">
      <Filter>Source Files\Game\Render\Renderers\Image</Filter>
    </ClInclude>
    <ClInclude Include="Game\Render\Renderers\Image\ImageResourceData.h">
      <Filter>Source Files\Game\Render\Renderers\Image</Filter>
    </ClInclude>
    <ClInclude Include="Game\Render\Renderers\Text\Text.h">
      <Filter>Source Files\Game\Render\Renderers\Text</Filter>
    </ClInclude>
    <ClInclude Include="Game\Render\Renderers\Text\TextResourceData.h">
      <Filter>Source Files\Game\Render\Renderers\Text</Filter>
    </ClInclude>
    <ClInclude Include="Game\Systems\GameSpacesComputer.h">
      <Filter>Source Files\Game\Systems</Filter>
    </ClInclude>
    <ClInclude Include="Game\Scenes\CustomScenes\BilliardsGameScene.h">
      <Filter>Source Files\Game\Scenes\CustomScenes</Filter>
    </ClInclude>
    <ClInclude Include="Application\Systems\Random\RNGSystem.h">
      <Filter>Source Files\Application\Systems\Random</Filter>
    </ClInclude>
    <ClInclude Include="Game\Systems\GameRandom.h">
      <Filter>Source Files\Game\Systems</Filter>
    </ClInclude>
    <ClInclude Include="Game\GameObjects\Behaviours\Billiards\BilliardBall.h">
      <Filter>Source Files\Game\GameObjects\Behaviours\Billiards</Filter>
    </ClInclude>
    <ClInclude Include="Game\Physics\Colliders\Collider2D.h">
      <Filter>Source Files\Game\Physics\Colliders</Filter>
    </ClInclude>
    <ClInclude Include="Game\Physics\Physics2DManager.h">
      <Filter>Source Files\Game\Physics</Filter>
    </ClInclude>
    <ClInclude Include="Game\Physics\Colliders\CircleCollider2D.h">
      <Filter>Source Files\Game\Physics\Colliders</Filter>
    </ClInclude>
    <ClInclude Include="Shared\Math\Math.h">
      <Filter>Source Files\Shared\Math</Filter>
    </ClInclude>
    <ClInclude Include="Shared\Types\Rect\Rect.h">
      <Filter>Source Files\Shared\Types\Rect</Filter>
    </ClInclude>
    <ClInclude Include="Shared\Types\Circle\Circle.h">
      <Filter>Source Files\Shared\Types\Circle</Filter>
    </ClInclude>
    <ClInclude Include="Shared\Types\Line\Line.h">
      <Filter>Source Files\Shared\Types\Line</Filter>
    </ClInclude>
    <ClInclude Include="Game\Physics\Rigidbodies\Rigidbody2D.h">
      <Filter>Source Files\Game\Physics\Rigidbodies</Filter>
    </ClInclude>
    <ClInclude Include="Game\Physics\Rigidbodies\PhysicMaterial.h">
      <Filter>Source Files\Game\Physics\Rigidbodies</Filter>
    </ClInclude>
    <ClInclude Include="Game\Physics\Collision\Collision2D.h">
      <Filter>Source Files\Game\Physics\Collision</Filter>
    </ClInclude>
    <ClInclude Include="Game\Physics\Colliders\AABoxCollider2D.h">
      <Filter>Source Files\Game\Physics\Colliders</Filter>
    </ClInclude>
    <ClInclude Include="Game\Physics\Solvers\EulerSolver.h">
      <Filter>Source Files\Game\Physics\Solvers</Filter>
    </ClInclude>
    <ClInclude Include="Game\Physics\CircleCollider2DGroup.h">
      <Filter>Source Files\Game\Physics</Filter>
    </ClInclude>
    <ClInclude Include="Game\Physics\AABoxCollider2DGroup.h">
      <Filter>Source Files\Game\Physics</Filter>
    </ClInclude>
    <ClInclude Include="Game\Physics\Helpers\CollisionHelper.h">
      <Filter>Source Files\Game\Physics\Helpers</Filter>
    </ClInclude>
    <ClInclude Include="Game\GameObjects\Behaviours\Billiards\BilliardStick.h">
      <Filter>Source Files\Game\GameObjects\Behaviours\Billiards</Filter>
    </ClInclude>
    <ClInclude Include="Game\GameObjects\Behaviours\Billiards\BilliardsGameplayManager.h">
      <Filter>Source Files\Game\GameObjects\Behaviours\Billiards</Filter>
    </ClInclude>
    <ClInclude Include="Game\GameObjects\Behaviours\Billiards\States\Thinking\PlayerThinkingState_MovingAround.h">
      <Filter>Source Files\Game\GameObjects\Behaviours\Billiards\States\Thinking</Filter>
    </ClInclude>
    <ClInclude Include="Game\GameObjects\Behaviours\Billiards\States\Thinking\BilliardsGameplayState_PlayerThinking.h">
      <Filter>Source Files\Game\GameObjects\Behaviours\Billiards\States\Thinking</Filter>
    </ClInclude>
    <ClInclude Include="Game\GameObjects\Behaviours\Billiards\States\Thinking\PlayerThinkingState.h">
      <Filter>Source Files\Game\GameObjects\Behaviours\Billiards\States\Thinking</Filter>
    </ClInclude>
    <ClInclude Include="Game\GameObjects\Behaviours\Billiards\States\Thinking\PlayerThinkingState_PinnedToHit.h">
      <Filter>Source Files\Game\GameObjects\Behaviours\Billiards\States\Thinking</Filter>
    </ClInclude>
    <ClInclude Include="Game\GameObjects\Behaviours\Billiards\States\Thinking\PlayerThinkingState_Hitting.h">
      <Filter>Source Files\Game\GameObjects\Behaviours\Billiards\States\Thinking</Filter>
    </ClInclude>
    <ClInclude Include="Game\GameObjects\Behaviours\Billiards\Player\BilliardsPlayer.h">
      <Filter>Source Files\Game\GameObjects\Behaviours\Billiards\Player</Filter>
    </ClInclude>
    <ClInclude Include="Game\GameObjects\Behaviours\Billiards\Player\BilliardsScore.h">
      <Filter>Source Files\Game\GameObjects\Behaviours\Billiards\Player</Filter>
    </ClInclude>
    <ClInclude Include="Game\Systems\GameTweener.h">
      <Filter>Source Files\Game\Systems</Filter>
    </ClInclude>
    <ClInclude Include="Game\GameObjects\Behaviours\Billiards\States\BilliardsGameplayState.h">
      <Filter>Source Files\Game\GameObjects\Behaviours\Billiards\States</Filter>
    </ClInclude>
    <ClInclude Include="Game\GameObjects\Behaviours\Billiards\States\Init\BilliardsGameplayState_Init.h">
      <Filter>Source Files\Game\GameObjects\Behaviours\Billiards\States\Init</Filter>
    </ClInclude>
    <ClInclude Include="Game\GameObjects\Behaviours\Billiards\States\BilliardsGameplayStateBlackboard.h">
      <Filter>Source Files\Game\GameObjects\Behaviours\Billiards\States</Filter>
    </ClInclude>
    <ClInclude Include="Game\GameObjects\Behaviours\Billiards\States\PlacingBalls\BilliardsGameplayState_PlacingBalls.h">
      <Filter>Source Files\Game\GameObjects\Behaviours\Billiards\States\PlacingBalls</Filter>
    </ClInclude>
    <ClInclude Include="Game\GameObjects\Behaviours\Billiards\States\ResolvingBoard\BilliardsGameplayState_ResolvingBoard.h">
      <Filter>Source Files\Game\GameObjects\Behaviours\Billiards\States\ResolvingBoard</Filter>
    </ClInclude>
    <ClInclude Include="Game\GameObjects\Behaviours\Billiards\States\GameFinish\BilliardsGameplayState_GameFinish.h">
      <Filter>Source Files\Game\GameObjects\Behaviours\Billiards\States\GameFinish</Filter>
    </ClInclude>
    <ClInclude Include="Shared\Timer\Timer.h">
      <Filter>Source Files\Shared\Timer</Filter>
    </ClInclude>
    <ClInclude Include="Game\GameObjects\Behaviours\Billiards\States\Thinking\PlayerThinkingState_Starting.h">
      <Filter>Source Files\Game\GameObjects\Behaviours\Billiards\States\Thinking</Filter>
    </ClInclude>
    <ClInclude Include="Game\GameObjects\Behaviours\Billiards\States\IBilliardsGameplayStateEventsManager.h">
      <Filter>Source Files\Game\GameObjects\Behaviours\Billiards\States</Filter>
    </ClInclude>
    <ClInclude Include="Game\GameObjects\Behaviours\Billiards\Holes\IBilliardBoardHoleInteractionsManager.h">
      <Filter>Source Files\Game\GameObjects\Behaviours\Billiards\Holes</Filter>
    </ClInclude>
    <ClInclude Include="Game\GameObjects\Behaviours\Billiards\Holes\BilliardsBoardHole.h">
      <Filter>Source Files\Game\GameObjects\Behaviours\Billiards\Holes</Filter>
    </ClInclude>
    <ClInclude Include="Game\GameObjects\Behaviours\Testers\AABoxColliderDrawer.h">
      <Filter>Source Files\Game\GameObjects\Behaviours\Testers</Filter>
    </ClInclude>
    <ClInclude Include="Game\GameObjects\Behaviours\Testers\CircleColliderDrawer.h">
      <Filter>Source Files\Game\GameObjects\Behaviours\Testers</Filter>
    </ClInclude>
    <ClInclude Include="Game\GameObjects\Behaviours\Billiards\States\ResolvingBoard\ResolvingBoardState.h">
      <Filter>Source Files\Game\GameObjects\Behaviours\Billiards\States\ResolvingBoard</Filter>
    </ClInclude>
    <ClInclude Include="Game\GameObjects\Behaviours\Billiards\States\ResolvingBoard\ResolvingBoardState_ReturningMissplacedBalls.h">
      <Filter>Source Files\Game\GameObjects\Behaviours\Billiards\States\ResolvingBoard</Filter>
    </ClInclude>
    <ClInclude Include="Game\GameObjects\Behaviours\Billiards\States\ResolvingBoard\ResolvingBoardState_WaitingBallsStop.h">
      <Filter>Source Files\Game\GameObjects\Behaviours\Billiards\States\ResolvingBoard</Filter>
    </ClInclude>
    <ClInclude Include="Game\Scenes\CustomScenes\MainMenuScene.h">
      <Filter>Source Files\Game\Scenes\CustomScenes</Filter>
    </ClInclude>
    <ClInclude Include="Game\GameObjects\Prefabs\CustomPrefabUtilities.h">
      <Filter>Source Files\Game\GameObjects\Prefabs</Filter>
    </ClInclude>
    <ClInclude Include="Game\Scenes\Utilities\SceneCreateUtilities.h">
      <Filter>Source Files\Game\Scenes\Utilities</Filter>
    </ClInclude>
    <ClInclude Include="Game\GameObjects\Behaviours\MainMenu\MainMenuManager.h">
      <Filter>Source Files\Game\GameObjects\Behaviours\MainMenu</Filter>
    </ClInclude>
    <ClInclude Include="Game\UI\UICaster.h">
      <Filter>Source Files\Game\UI</Filter>
    </ClInclude>
    <ClInclude Include="Game\UI\Selectables\UISelectable.h">
      <Filter>Source Files\Game\UI\Selectables</Filter>
    </ClInclude>
    <ClInclude Include="Game\UI\Selectables\Button\UIButton.h">
      <Filter>Source Files\Game\UI\Selectables\Button</Filter>
    </ClInclude>
    <ClInclude Include="Game\UI\Selectables\ColorBlock.h">
      <Filter>Source Files\Game\UI\Selectables</Filter>
    </ClInclude>
    <ClInclude Include="Game\Systems\GameAppInteractions.h">
      <Filter>Source Files\Game\Systems</Filter>
    </ClInclude>
    <ClInclude Include="Game\GameObjects\Behaviours\RendererExtras\FadingRenderer.h">
      <Filter>Source Files\Game\GameObjects\Behaviours\RendererExtras</Filter>
    </ClInclude>
    <ClInclude Include="Game\GameObjects\Behaviours\Billiards\BilliardsGameplayFeedbackDisplay.h">
      <Filter>Source Files\Game\GameObjects\Behaviours\Billiards</Filter>
    </ClInclude>
    <ClInclude Include="Game\GameObjects\Behaviours\Billiards\ScoreDisplay\IPlayerScoresDisplay.h">
      <Filter>Source Files\Game\GameObjects\Behaviours\Billiards\ScoreDisplay</Filter>
    </ClInclude>
    <ClInclude Include="Game\GameObjects\Behaviours\Billiards\ScoreDisplay\ConsolePlayerScoresDisplay.h">
      <Filter>Source Files\Game\GameObjects\Behaviours\Billiards\ScoreDisplay</Filter>
    </ClInclude>
    <ClInclude Include="Application\Systems\Files\Binary\IBinarySerializable.h">
      <Filter>Source Files\Application\Systems\Files\Binary</Filter>
    </ClInclude>
    <ClInclude Include="Application\Systems\Files\Binary\BinaryFile.h">
      <Filter>Source Files\Application\Systems\Files\Binary</Filter>
    </ClInclude>
    <ClInclude Include="Application\Systems\Files\Binary\BinaryUtilities.h">
      <Filter>Source Files\Application\Systems\Files\Binary</Filter>
    </ClInclude>
    <ClInclude Include="Game\Systems\GameFileResources.h">
      <Filter>Source Files\Game\Systems</Filter>
    </ClInclude>
    <ClInclude Include="Application\Systems\Files\FilePathData.h">
      <Filter>Source Files\Application\Systems\Files</Filter>
    </ClInclude>
    <ClInclude Include="Game\Scenes\CustomScenes\RankingScene.h">
      <Filter>Source Files\Game\Scenes\CustomScenes</Filter>
    </ClInclude>
    <ClInclude Include="Game\GameObjects\Behaviours\Ranking\RankingFileData.h">
      <Filter>Source Files\Game\GameObjects\Behaviours\Ranking</Filter>
    </ClInclude>
    <ClInclude Include="Game\GameObjects\Behaviours\Ranking\RankingEntry.h">
      <Filter>Source Files\Game\GameObjects\Behaviours\Ranking</Filter>
    </ClInclude>
    <ClInclude Include="Game\GameObjects\Behaviours\Ranking\RankingManager.h">
      <Filter>Source Files\Game\GameObjects\Behaviours\Ranking</Filter>
    </ClInclude>
    <ClInclude Include="Game\GameObjects\Behaviours\Ranking\RankingEntryDisplay.h">
      <Filter>Source Files\Game\GameObjects\Behaviours\Ranking</Filter>
    </ClInclude>
    <ClInclude Include="Application\Systems\Audio\AudioSystem.h">
      <Filter>Source Files\Application\Systems\Audio</Filter>
    </ClInclude>
    <ClInclude Include="Application\Systems\Audio\Sound.h">
      <Filter>Source Files\Application\Systems\Audio</Filter>
    </ClInclude>
    <ClInclude Include="Application\Systems\Audio\SingleSound.h">
      <Filter>Source Files\Application\Systems\Audio</Filter>
    </ClInclude>
    <ClInclude Include="Game\Audio\GameAudioManager.h">
      <Filter>Source Files\Game\Audio</Filter>
    </ClInclude>
    <ClInclude Include="Game\Audio\SFXSound.h">
      <Filter>Source Files\Game\Audio</Filter>
    </ClInclude>
    <ClInclude Include="Game\Audio\ISFXSoundManager.h">
      <Filter>Source Files\Game\Audio</Filter>
    </ClInclude>
    <ClInclude Include="Game\Audio\IMusicSoundManager.h">
      <Filter>Source Files\Game\Audio</Filter>
    </ClInclude>
    <ClInclude Include="Game\Audio\SoundResourceData.h">
      <Filter>Source Files\Game\Audio</Filter>
    </ClInclude>
    <ClInclude Include="Game\Audio\MusicSound.h">
      <Filter>Source Files\Game\Audio</Filter>
    </ClInclude>
    <ClInclude Include="Game\Audio\SFXSoundBuffer.h">
      <Filter>Source Files\Game\Audio</Filter>
    </ClInclude>
    <ClInclude Include="Game\GameObjects\Behaviours\Billiards\BallFeedback\IBallCollisionFeedbackManager.h">
      <Filter>Source Files\Game\GameObjects\Behaviours\Billiards\BallFeedback</Filter>
    </ClInclude>
    <ClInclude Include="Game\GameObjects\Behaviours\Billiards\BallFeedback\BallCollision.h">
      <Filter>Source Files\Game\GameObjects\Behaviours\Billiards\BallFeedback</Filter>
    </ClInclude>
    <ClInclude Include="Game\GameObjects\Behaviours\Billiards\BallFeedback\BallCollisionDetector.h">
      <Filter>Source Files\Game\GameObjects\Behaviours\Billiards\BallFeedback</Filter>
    </ClInclude>
    <ClInclude Include="Game\GameObjects\Behaviours\Billiards\BallFeedback\BallCollisionFeedbackManager.h">
      <Filter>Source Files\Game\GameObjects\Behaviours\Billiards\BallFeedback</Filter>
    </ClInclude>
    <ClInclude Include="Game\GameObjects\GameObjectTag.h">
      <Filter>Source Files\Game\GameObjects</Filter>
    </ClInclude>
    <ClInclude Include="Game\Systems\GameAssetResourceTypes.h">
      <Filter>Source Files\Game\Systems</Filter>
    </ClInclude>
    <ClInclude Include="Game\Systems\GameDelayedCallScheduler.h">
      <Filter>Source Files\Game\Systems</Filter>
    </ClInclude>
    <ClInclude Include="Game\GameObjects\Behaviours\Billiards\States\GameFinish\GameFinishState.h">
      <Filter>Source Files\Game\GameObjects\Behaviours\Billiards\States\GameFinish</Filter>
    </ClInclude>
    <ClInclude Include="Game\GameObjects\Behaviours\Billiards\States\GameFinish\GameFinishState_VictoryAnimation.h">
      <Filter>Source Files\Game\GameObjects\Behaviours\Billiards\States\GameFinish</Filter>
    </ClInclude>
    <ClInclude Include="Game\GameObjects\Behaviours\Billiards\States\GameFinish\GameFinishState_AskingWinnerName.h">
      <Filter>Source Files\Game\GameObjects\Behaviours\Billiards\States\GameFinish</Filter>
    </ClInclude>
    <ClInclude Include="Game\Physics\Helpers\GamePhysicsUtilities.h">
      <Filter>Source Files\Game\Physics\Helpers</Filter>
    </ClInclude>
    <ClInclude Include="Game\GameObjects\Behaviours\CustomUI\MenuButton.h">
      <Filter>Source Files\Game\GameObjects\Behaviours\CustomUI</Filter>
    </ClInclude>
    <ClInclude Include="Game\GameObjects\GameObjectGroup.h">
      <Filter>Source Files\Game\GameObjects</Filter>
    </ClInclude>
    <ClInclude Include="Game\GameObjects\Behaviours\CustomUI\MenuIncDecButton.h">
      <Filter>Source Files\Game\GameObjects\Behaviours\CustomUI</Filter>
    </ClInclude>
    <ClInclude Include="Game\GameObjects\Behaviours\GameOptions\GameOptionsManager.h">
      <Filter>Source Files\Game\GameObjects\Behaviours\GameOptions</Filter>
    </ClInclude>
    <ClInclude Include="Game\GameObjects\Behaviours\GameOptions\GameAudioFileData.h">
      <Filter>Source Files\Game\GameObjects\Behaviours\GameOptions</Filter>
    </ClInclude>
    <ClInclude Include="Game\GameObjects\Behaviours\GameOptions\OptionsMenu.h">
      <Filter>Source Files\Game\GameObjects\Behaviours\GameOptions</Filter>
    </ClInclude>
    <ClInclude Include="Game\GameObjects\Behaviours\MainMenu\MainMenuBilliardsBoardManager.h">
      <Filter>Source Files\Game\GameObjects\Behaviours\MainMenu</Filter>
    </ClInclude>
  </ItemGroup>
</Project>